
Microsoft Visual Studio Solution File, Format Version 12.00
# Visual Studio Version 17
VisualStudioVersion = 17.1.32210.238
MinimumVisualStudioVersion = 10.0.40219.1
Project("{9A19103F-16F7-4668-BE54-9A1E7A4F7556}") = "DL", "DL\DL.csproj", "{691050A8-65B4-4AED-AA66-AE2FC4E500C4}"
EndProject
Project("{9A19103F-16F7-4668-BE54-9A1E7A4F7556}") = "ML", "ML\ML.csproj", "{612194D9-168E-41E4-B787-85DC26076CB8}"
EndProject
Project("{9A19103F-16F7-4668-BE54-9A1E7A4F7556}") = "BL", "BL\BL.csproj", "{D4D71FAF-7B3B-4D21-8CAD-3997B726D82D}"
EndProject
Project("{9A19103F-16F7-4668-BE54-9A1E7A4F7556}") = "PL", "PL\PL.csproj", "{4CD1F57D-DC03-4BB2-BD02-21B7D8EC15D3}"
EndProject
Project("{9A19103F-16F7-4668-BE54-9A1E7A4F7556}") = "PLC", "PLC\PLC.csproj", "{852D83BF-8C40-4B4F-9412-E8A48A8E85E9}"
EndProject
Project("{9A19103F-16F7-4668-BE54-9A1E7A4F7556}") = "SL_WebApi", "PL_SL2\SL_WebApi.csproj", "{1574ADD6-F0A8-4C17-ABB9-997B3614D53E}"
EndProject
Project("{FAE04EC0-301F-11D3-BF4B-00C04F79EFBC}") = "SL3", "SL3\SL3.csproj", "{9F4DAA7B-D5A1-4681-A1B1-CD893125FA8A}"
EndProject
Global
	GlobalSection(SolutionConfigurationPlatforms) = preSolution
		Debug|Any CPU = Debug|Any CPU
		Release|Any CPU = Release|Any CPU
	EndGlobalSection
	GlobalSection(ProjectConfigurationPlatforms) = postSolution
		{691050A8-65B4-4AED-AA66-AE2FC4E500C4}.Debug|Any CPU.ActiveCfg = Debug|Any CPU
		{691050A8-65B4-4AED-AA66-AE2FC4E500C4}.Debug|Any CPU.Build.0 = Debug|Any CPU
		{691050A8-65B4-4AED-AA66-AE2FC4E500C4}.Release|Any CPU.ActiveCfg = Release|Any CPU
		{691050A8-65B4-4AED-AA66-AE2FC4E500C4}.Release|Any CPU.Build.0 = Release|Any CPU
		{612194D9-168E-41E4-B787-85DC26076CB8}.Debug|Any CPU.ActiveCfg = Debug|Any CPU
		{612194D9-168E-41E4-B787-85DC26076CB8}.Debug|Any CPU.Build.0 = Debug|Any CPU
		{612194D9-168E-41E4-B787-85DC26076CB8}.Release|Any CPU.ActiveCfg = Release|Any CPU
		{612194D9-168E-41E4-B787-85DC26076CB8}.Release|Any CPU.Build.0 = Release|Any CPU
		{D4D71FAF-7B3B-4D21-8CAD-3997B726D82D}.Debug|Any CPU.ActiveCfg = Debug|Any CPU
		{D4D71FAF-7B3B-4D21-8CAD-3997B726D82D}.Debug|Any CPU.Build.0 = Debug|Any CPU
		{D4D71FAF-7B3B-4D21-8CAD-3997B726D82D}.Release|Any CPU.ActiveCfg = Release|Any CPU
		{D4D71FAF-7B3B-4D21-8CAD-3997B726D82D}.Release|Any CPU.Build.0 = Release|Any CPU
		{4CD1F57D-DC03-4BB2-BD02-21B7D8EC15D3}.Debug|Any CPU.ActiveCfg = Debug|Any CPU
		{4CD1F57D-DC03-4BB2-BD02-21B7D8EC15D3}.Debug|Any CPU.Build.0 = Debug|Any CPU
		{4CD1F57D-DC03-4BB2-BD02-21B7D8EC15D3}.Release|Any CPU.ActiveCfg = Release|Any CPU
		{4CD1F57D-DC03-4BB2-BD02-21B7D8EC15D3}.Release|Any CPU.Build.0 = Release|Any CPU
		{852D83BF-8C40-4B4F-9412-E8A48A8E85E9}.Debug|Any CPU.ActiveCfg = Debug|Any CPU
		{852D83BF-8C40-4B4F-9412-E8A48A8E85E9}.Debug|Any CPU.Build.0 = Debug|Any CPU
		{852D83BF-8C40-4B4F-9412-E8A48A8E85E9}.Release|Any CPU.ActiveCfg = Release|Any CPU
		{852D83BF-8C40-4B4F-9412-E8A48A8E85E9}.Release|Any CPU.Build.0 = Release|Any CPU
		{1574ADD6-F0A8-4C17-ABB9-997B3614D53E}.Debug|Any CPU.ActiveCfg = Debug|Any CPU
		{1574ADD6-F0A8-4C17-ABB9-997B3614D53E}.Debug|Any CPU.Build.0 = Debug|Any CPU
		{1574ADD6-F0A8-4C17-ABB9-997B3614D53E}.Release|Any CPU.ActiveCfg = Release|Any CPU
		{1574ADD6-F0A8-4C17-ABB9-997B3614D53E}.Release|Any CPU.Build.0 = Release|Any CPU
		{9F4DAA7B-D5A1-4681-A1B1-CD893125FA8A}.Debug|Any CPU.ActiveCfg = Debug|Any CPU
		{9F4DAA7B-D5A1-4681-A1B1-CD893125FA8A}.Debug|Any CPU.Build.0 = Debug|Any CPU
		{9F4DAA7B-D5A1-4681-A1B1-CD893125FA8A}.Release|Any CPU.ActiveCfg = Release|Any CPU
		{9F4DAA7B-D5A1-4681-A1B1-CD893125FA8A}.Release|Any CPU.Build.0 = Release|Any CPU
	EndGlobalSection
	GlobalSection(SolutionProperties) = preSolution
		HideSolutionNode = FALSE
	EndGlobalSection
	GlobalSection(ExtensibilityGlobals) = postSolution
		SolutionGuid = {8842D730-6297-45B8-88FF-2FD697FDA6BF}
	EndGlobalSection
EndGlobal
